
Microsoft Visual Studio Solution File, Format Version 12.00
# Visual Studio 14
VisualStudioVersion = 14.0.25123.0
MinimumVisualStudioVersion = 10.0.40219.1
Project("{FAE04EC0-301F-11D3-BF4B-00C04F79EFBC}") = "serman", "serman\serman.csproj", "{617B3A67-281B-4B7A-BDD9-930F197E6D2D}"
EndProject
Project("{FAE04EC0-301F-11D3-BF4B-00C04F79EFBC}") = "Test", "Test\Test.csproj", "{FB8CF563-FF38-4C87-B552-C9489905228C}"
EndProject
Project("{2150E333-8FDC-42A3-9474-1A3956D46DE8}") = "Solution Items", "Solution Items", "{276DA638-5B40-4E88-80B4-8CE505BDD2E6}"
	ProjectSection(SolutionItems) = preProject
		README.md = README.md
	EndProjectSection
EndProject
Global
	GlobalSection(SolutionConfigurationPlatforms) = preSolution
		Debug|Any CPU = Debug|Any CPU
		Release|Any CPU = Release|Any CPU
	EndGlobalSection
	GlobalSection(ProjectConfigurationPlatforms) = postSolution
		{617B3A67-281B-4B7A-BDD9-930F197E6D2D}.Debug|Any CPU.ActiveCfg = Debug|Any CPU
		{617B3A67-281B-4B7A-BDD9-930F197E6D2D}.Debug|Any CPU.Build.0 = Debug|Any CPU
		{617B3A67-281B-4B7A-BDD9-930F197E6D2D}.Release|Any CPU.ActiveCfg = Release|Any CPU
		{617B3A67-281B-4B7A-BDD9-930F197E6D2D}.Release|Any CPU.Build.0 = Release|Any CPU
		{FB8CF563-FF38-4C87-B552-C9489905228C}.Debug|Any CPU.ActiveCfg = Debug|Any CPU
		{FB8CF563-FF38-4C87-B552-C9489905228C}.Debug|Any CPU.Build.0 = Debug|Any CPU
		{FB8CF563-FF38-4C87-B552-C9489905228C}.Release|Any CPU.ActiveCfg = Release|Any CPU
		{FB8CF563-FF38-4C87-B552-C9489905228C}.Release|Any CPU.Build.0 = Release|Any CPU
	EndGlobalSection
	GlobalSection(SolutionProperties) = preSolution
		HideSolutionNode = FALSE
	EndGlobalSection
EndGlobal
